PODS:
  - Flutter (1.0.0)
  - hardware_buttons (0.0.1):
    - Flutter
  - path_provider (0.0.1):
    - Flutter
  - system_shortcuts (0.0.1):
    - Flutter
  - wakelock (0.0.1):
    - Flutter

DEPENDENCIES:
  - Flutter (from `Flutter`)
  - hardware_buttons (from `.symlinks/plugins/hardware_buttons/ios`)
  - path_provider (from `.symlinks/plugins/path_provider/ios`)
  - system_shortcuts (from `.symlinks/plugins/system_shortcuts/ios`)
  - wakelock (from `.symlinks/plugins/wakelock/ios`)

EXTERNAL SOURCES:
  Flutter:
    :path: Flutter
  hardware_buttons:
    :path: ".symlinks/plugins/hardware_buttons/ios"
  path_provider:
    :path: ".symlinks/plugins/path_provider/ios"
  system_shortcuts:
    :path: ".symlinks/plugins/system_shortcuts/ios"
  wakelock:
    :path: ".symlinks/plugins/wakelock/ios"

SPEC CHECKSUMS:
  Flutter: 0e3d915762c693b495b44d77113d4970485de6ec
  hardware_buttons: 014f502132c734dc391a47e2b708728b1dd8bf32
  path_provider: abfe2b5c733d04e238b0d8691db0cfd63a27a93c
  system_shortcuts: fa91743cc51eed3811f5ea5461e23f972b9de780
  wakelock: bfc7955c418d0db797614075aabbc58a39ab5107

PODFILE CHECKSUM: aafe91acc616949ddb318b77800a7f51bffa2a4c

COCOAPODS: 1.10.0
